{
	"name": "zbq-validate",
	"version": "1.0.0",
	"lockfileVersion": 2,
	"requires": true,
	"packages": {
		"": {
			"name": "zbq-validate",
			"version": "1.0.0",
			"license": "ISC",
			"dependencies": {
				"jz-region": "^1.0.3",
				"jz-validate": "^1.0.2"
			}
		},
		"node_modules/jz-region": {
			"version": "1.0.3",
			"resolved": "https://registry.npmjs.org/jz-region/-/jz-region-1.0.3.tgz",
			"integrity": "sha512-A+sqcdSvDuWj/F8AaWUN76pyOxRD1OxpAAQwU4687kwL3dt7OV52O+zcCsFUEkvz7SiNqdT8CfEKPTbh4r796g==",
			"dependencies": {
				"lodash": "^4.17.21",
				"moment": "^2.30.1"
			}
		},
		"node_modules/jz-validate": {
			"version": "1.0.2",
			"resolved": "https://registry.npmjs.org/jz-validate/-/jz-validate-1.0.2.tgz",
			"integrity": "sha512-gzQ217tjQuCJN0LWB6H4z9/rqI1sp96U//PMZKc/uPBRiYGheQ3Si9NaPpeGo94u6ZG4jzqgbB35kCtGP40AZw==",
			"dependencies": {
				"lodash": "^4.17.21",
				"moment": "^2.30.1"
			}
		},
		"node_modules/lodash": {
			"version": "4.17.21",
			"resolved": "https://registry.npmjs.org/lodash/-/lodash-4.17.21.tgz",
			"integrity": "sha512-v2kDEe57lecTulaDIuNTPy3Ry4gLGJ6Z1O3vE1krgXZNrsQ+LFTGHVxVjcXPs17LhbZVGedAJv8XZ1tvj5FvSg=="
		},
		"node_modules/moment": {
			"version": "2.30.1",
			"resolved": "https://registry.npmjs.org/moment/-/moment-2.30.1.tgz",
			"integrity": "sha512-uEmtNhbDOrWPFS+hdjFCBfy9f2YoyzRpwcl+DqpC6taX21FzsTLQVbMV/W7PzNSX6x/bhC1zA3c2UQ5NzH6how==",
			"engines": {
				"node": "*"
			}
		}
	},
	"dependencies": {
		"jz-region": {
			"version": "1.0.3",
			"resolved": "https://registry.npmjs.org/jz-region/-/jz-region-1.0.3.tgz",
			"integrity": "sha512-A+sqcdSvDuWj/F8AaWUN76pyOxRD1OxpAAQwU4687kwL3dt7OV52O+zcCsFUEkvz7SiNqdT8CfEKPTbh4r796g==",
			"requires": {
				"lodash": "^4.17.21",
				"moment": "^2.30.1"
			}
		},
		"jz-validate": {
			"version": "1.0.2",
			"resolved": "https://registry.npmjs.org/jz-validate/-/jz-validate-1.0.2.tgz",
			"integrity": "sha512-gzQ217tjQuCJN0LWB6H4z9/rqI1sp96U//PMZKc/uPBRiYGheQ3Si9NaPpeGo94u6ZG4jzqgbB35kCtGP40AZw==",
			"requires": {
				"lodash": "^4.17.21",
				"moment": "^2.30.1"
			}
		},
		"lodash": {
			"version": "4.17.21",
			"resolved": "https://registry.npmjs.org/lodash/-/lodash-4.17.21.tgz",
			"integrity": "sha512-v2kDEe57lecTulaDIuNTPy3Ry4gLGJ6Z1O3vE1krgXZNrsQ+LFTGHVxVjcXPs17LhbZVGedAJv8XZ1tvj5FvSg=="
		},
		"moment": {
			"version": "2.30.1",
			"resolved": "https://registry.npmjs.org/moment/-/moment-2.30.1.tgz",
			"integrity": "sha512-uEmtNhbDOrWPFS+hdjFCBfy9f2YoyzRpwcl+DqpC6taX21FzsTLQVbMV/W7PzNSX6x/bhC1zA3c2UQ5NzH6how=="
		}
	}
}
